
Microsoft Visual Studio Solution File, Format Version 12.00
# Visual Studio Version 17
VisualStudioVersion = 17.7.34009.444
MinimumVisualStudioVersion = 10.0.40219.1
Project("{FAE04EC0-301F-11D3-BF4B-00C04F79EFBC}") = "DemoCrud", "DemoCrud\DemoCrud.csproj", "{B7890547-3D69-4560-835C-27971D66D3CD}"
EndProject
Global
	GlobalSection(SolutionConfigurationPlatforms) = preSolution
		Debug|Any CPU = Debug|Any CPU
		Release|Any CPU = Release|Any CPU
	EndGlobalSection
	GlobalSection(ProjectConfigurationPlatforms) = postSolution
		{B7890547-3D69-4560-835C-27971D66D3CD}.Debug|Any CPU.ActiveCfg = Debug|Any CPU
		{B7890547-3D69-4560-835C-27971D66D3CD}.Debug|Any CPU.Build.0 = Debug|Any CPU
		{B7890547-3D69-4560-835C-27971D66D3CD}.Release|Any CPU.ActiveCfg = Release|Any CPU
		{B7890547-3D69-4560-835C-27971D66D3CD}.Release|Any CPU.Build.0 = Release|Any CPU
	EndGlobalSection
	GlobalSection(SolutionProperties) = preSolution
		HideSolutionNode = FALSE
	EndGlobalSection
	GlobalSection(ExtensibilityGlobals) = postSolution
		SolutionGuid = {0F07E5FF-1EF1-40F7-9F21-C93C900E9CD8}
	EndGlobalSection
EndGlobal
